
Microsoft Visual Studio Solution File, Format Version 12.00
# Visual Studio Version 16
VisualStudioVersion = 16.0.30804.86
MinimumVisualStudioVersion = 10.0.40219.1
Project("{9A19103F-16F7-4668-BE54-9A1E7A4F7556}") = "WebApplication", "WebApplication\WebApplication.csproj", "{4D93C60F-B4BA-43DC-9E61-58A43B43D3DC}"
EndProject
Global
	GlobalSection(SolutionConfigurationPlatforms) = preSolution
		Debug|Any CPU = Debug|Any CPU
		Release|Any CPU = Release|Any CPU
	EndGlobalSection
	GlobalSection(ProjectConfigurationPlatforms) = postSolution
		{4D93C60F-B4BA-43DC-9E61-58A43B43D3DC}.Debug|Any CPU.ActiveCfg = Debug|Any CPU
		{4D93C60F-B4BA-43DC-9E61-58A43B43D3DC}.Debug|Any CPU.Build.0 = Debug|Any CPU
		{4D93C60F-B4BA-43DC-9E61-58A43B43D3DC}.Release|Any CPU.ActiveCfg = Release|Any CPU
		{4D93C60F-B4BA-43DC-9E61-58A43B43D3DC}.Release|Any CPU.Build.0 = Release|Any CPU
	EndGlobalSection
	GlobalSection(SolutionProperties) = preSolution
		HideSolutionNode = FALSE
	EndGlobalSection
	GlobalSection(ExtensibilityGlobals) = postSolution
		SolutionGuid = {7A0DF17C-E931-4435-9787-4BA6A5F10C6A}
	EndGlobalSection
EndGlobal
